
Microsoft Visual Studio Solution File, Format Version 12.00
# Visual Studio Version 16
VisualStudioVersion = 16.0.31005.135
MinimumVisualStudioVersion = 10.0.40219.1
Project("{FAE04EC0-301F-11D3-BF4B-00C04F79EFBC}") = "TranslatorHost", "TranslatorHost.csproj", "{4AF4CBED-2DFA-4D7D-9597-E82C3217A02B}"
EndProject
Global
	GlobalSection(SolutionConfigurationPlatforms) = preSolution
		Debug|Any CPU = Debug|Any CPU
		Release|Any CPU = Release|Any CPU
	EndGlobalSection
	GlobalSection(ProjectConfigurationPlatforms) = postSolution
		{4AF4CBED-2DFA-4D7D-9597-E82C3217A02B}.Debug|Any CPU.ActiveCfg = Debug|Any CPU
		{4AF4CBED-2DFA-4D7D-9597-E82C3217A02B}.Debug|Any CPU.Build.0 = Debug|Any CPU
		{4AF4CBED-2DFA-4D7D-9597-E82C3217A02B}.Release|Any CPU.ActiveCfg = Release|Any CPU
		{4AF4CBED-2DFA-4D7D-9597-E82C3217A02B}.Release|Any CPU.Build.0 = Release|Any CPU
	EndGlobalSection
	GlobalSection(SolutionProperties) = preSolution
		HideSolutionNode = FALSE
	EndGlobalSection
	GlobalSection(ExtensibilityGlobals) = postSolution
		SolutionGuid = {5D59A18B-27BF-43CD-880F-3EEA9FD04797}
	EndGlobalSection
EndGlobal
